// !$*UTF8*$!
{
	archiveVersion = 1;
	classes = {
	};
	objectVersion = 56;
	objects = {

/* Begin PBXBuildFile section */
		758A6AD12C75F6FA00E22DB3 /* LevelButton.swift in Sources */ = {isa = PBXBuildFile; fileRef = 758A6AD02C75F6FA00E22DB3 /* LevelButton.swift */; };
		758FF0672C6C8018005EB21F /* Swap.swift in Sources */ = {isa = PBXBuildFile; fileRef = 758FF0662C6C8018005EB21F /* Swap.swift */; };
		75942F792C6A031B00A9527F /* Element.swift in Sources */ = {isa = PBXBuildFile; fileRef = 75942F782C6A031B00A9527F /* Element.swift */; };
		75942F7B2C6A0B0000A9527F /* GameScene.swift in Sources */ = {isa = PBXBuildFile; fileRef = 75942F7A2C6A0B0000A9527F /* GameScene.swift */; };
		75942F7D2C6A0BB300A9527F /* Level.swift in Sources */ = {isa = PBXBuildFile; fileRef = 75942F7C2C6A0BB300A9527F /* Level.swift */; };
		75942F812C6A148E00A9527F /* GameView.swift in Sources */ = {isa = PBXBuildFile; fileRef = 75942F802C6A148E00A9527F /* GameView.swift */; };
		75942F842C6A164200A9527F /* GameManager.swift in Sources */ = {isa = PBXBuildFile; fileRef = 75942F832C6A164200A9527F /* GameManager.swift */; };
		7595CBC22C78E5D4004E4EC0 /* GameOver.swift in Sources */ = {isa = PBXBuildFile; fileRef = 7595CBC12C78E5D4004E4EC0 /* GameOver.swift */; };
		7595CBC42C78EBA0004E4EC0 /* LevelComplete.swift in Sources */ = {isa = PBXBuildFile; fileRef = 7595CBC32C78EBA0004E4EC0 /* LevelComplete.swift */; };
		75970A2B2C6B638E005A98E6 /* levels.json in Resources */ = {isa = PBXBuildFile; fileRef = 75970A2A2C6B638E005A98E6 /* levels.json */; };
		75970A2D2C6B6833005A98E6 /* ModelData.swift in Sources */ = {isa = PBXBuildFile; fileRef = 75970A2C2C6B6833005A98E6 /* ModelData.swift */; };
		75970A2F2C6B6AA6005A98E6 /* Tile.swift in Sources */ = {isa = PBXBuildFile; fileRef = 75970A2E2C6B6AA6005A98E6 /* Tile.swift */; };
		7597B3252C78717400049DC0 /* LevelView.swift in Sources */ = {isa = PBXBuildFile; fileRef = 7597B3242C78717400049DC0 /* LevelView.swift */; };
		7597C5A62C7A50F800437B5D /* PlayerRow.swift in Sources */ = {isa = PBXBuildFile; fileRef = 7597C5A52C7A50F800437B5D /* PlayerRow.swift */; };
		7597C5A82C7A55C600437B5D /* TopPlayerView.swift in Sources */ = {isa = PBXBuildFile; fileRef = 7597C5A72C7A55C600437B5D /* TopPlayerView.swift */; };
		75A01F452C75A1850056EA80 /* Modifiers.swift in Sources */ = {isa = PBXBuildFile; fileRef = 75A01F442C75A1850056EA80 /* Modifiers.swift */; };
		75A01F492C75A43B0056EA80 /* TargetBox.swift in Sources */ = {isa = PBXBuildFile; fileRef = 75A01F482C75A43B0056EA80 /* TargetBox.swift */; };
		75A334432C69203600C65070 /* SGSplashApp.swift in Sources */ = {isa = PBXBuildFile; fileRef = 75A334422C69203600C65070 /* SGSplashApp.swift */; };
		75A334452C69203600C65070 /* ContentView.swift in Sources */ = {isa = PBXBuildFile; fileRef = 75A334442C69203600C65070 /* ContentView.swift */; };
		75A334472C69203B00C65070 /* Assets.xcassets in Resources */ = {isa = PBXBuildFile; fileRef = 75A334462C69203B00C65070 /* Assets.xcassets */; };
		75A3344A2C69203B00C65070 /* Preview Assets.xcassets in Resources */ = {isa = PBXBuildFile; fileRef = 75A334492C69203B00C65070 /* Preview Assets.xcassets */; };
		75A34BCE2C79F2B4008617E3 /* TopThreeView.swift in Sources */ = {isa = PBXBuildFile; fileRef = 75A34BCD2C79F2B4008617E3 /* TopThreeView.swift */; };
		75ADC7442C6F5C8C0045A0F4 /* Chain.swift in Sources */ = {isa = PBXBuildFile; fileRef = 75ADC7432C6F5C8C0045A0F4 /* Chain.swift */; };
		75B73B972C79914C0011F873 /* tap.wav in Resources */ = {isa = PBXBuildFile; fileRef = 75B73B962C79914C0011F873 /* tap.wav */; };
		75ECC5572C78FEBC007416EC /* PlaySound.swift in Sources */ = {isa = PBXBuildFile; fileRef = 75ECC5562C78FEBC007416EC /* PlaySound.swift */; };
		75ECC55F2C79002B007416EC /* level-complete.mp3 in Resources */ = {isa = PBXBuildFile; fileRef = 75ECC5592C790029007416EC /* level-complete.mp3 */; };
		75ECC5612C79002B007416EC /* background-music.mp3 in Resources */ = {isa = PBXBuildFile; fileRef = 75ECC55B2C79002A007416EC /* background-music.mp3 */; };
		75ECC5622C79002B007416EC /* swap.mp3 in Resources */ = {isa = PBXBuildFile; fileRef = 75ECC55C2C79002A007416EC /* swap.mp3 */; };
		75ECC5632C79002B007416EC /* disappear.mp3 in Resources */ = {isa = PBXBuildFile; fileRef = 75ECC55D2C79002A007416EC /* disappear.mp3 */; };
		75ECC5642C79002B007416EC /* game-over.mp3 in Resources */ = {isa = PBXBuildFile; fileRef = 75ECC55E2C79002B007416EC /* game-over.mp3 */; };
		75ECC5662C79018B007416EC /* invalid-swap.mp3 in Resources */ = {isa = PBXBuildFile; fileRef = 75ECC5652C79018B007416EC /* invalid-swap.mp3 */; };
/* End PBXBuildFile section */

/* Begin PBXFileReference section */
		758A6AD02C75F6FA00E22DB3 /* LevelButton.swift */ = {isa = PBXFileReference; lastKnownFileType = sourcecode.swift; path = LevelButton.swift; sourceTree = "<group>"; };
		758FF0662C6C8018005EB21F /* Swap.swift */ = {isa = PBXFileReference; lastKnownFileType = sourcecode.swift; path = Swap.swift; sourceTree = "<group>"; };
		75942F782C6A031B00A9527F /* Element.swift */ = {isa = PBXFileReference; lastKnownFileType = sourcecode.swift; path = Element.swift; sourceTree = "<group>"; };
		75942F7A2C6A0B0000A9527F /* GameScene.swift */ = {isa = PBXFileReference; lastKnownFileType = sourcecode.swift; path = GameScene.swift; sourceTree = "<group>"; };
		75942F7C2C6A0BB300A9527F /* Level.swift */ = {isa = PBXFileReference; lastKnownFileType = sourcecode.swift; path = Level.swift; sourceTree = "<group>"; };
		75942F802C6A148E00A9527F /* GameView.swift */ = {isa = PBXFileReference; lastKnownFileType = sourcecode.swift; path = GameView.swift; sourceTree = "<group>"; };
		75942F832C6A164200A9527F /* GameManager.swift */ = {isa = PBXFileReference; lastKnownFileType = sourcecode.swift; path = GameManager.swift; sourceTree = "<group>"; };
		7595CBC12C78E5D4004E4EC0 /* GameOver.swift */ = {isa = PBXFileReference; lastKnownFileType = sourcecode.swift; path = GameOver.swift; sourceTree = "<group>"; };
		7595CBC32C78EBA0004E4EC0 /* LevelComplete.swift */ = {isa = PBXFileReference; lastKnownFileType = sourcecode.swift; path = LevelComplete.swift; sourceTree = "<group>"; };
		75970A2A2C6B638E005A98E6 /* levels.json */ = {isa = PBXFileReference; lastKnownFileType = text.json; path = levels.json; sourceTree = "<group>"; };
		75970A2C2C6B6833005A98E6 /* ModelData.swift */ = {isa = PBXFileReference; lastKnownFileType = sourcecode.swift; path = ModelData.swift; sourceTree = "<group>"; };
		75970A2E2C6B6AA6005A98E6 /* Tile.swift */ = {isa = PBXFileReference; lastKnownFileType = sourcecode.swift; path = Tile.swift; sourceTree = "<group>"; };
		7597B3242C78717400049DC0 /* LevelView.swift */ = {isa = PBXFileReference; lastKnownFileType = sourcecode.swift; path = LevelView.swift; sourceTree = "<group>"; };
		7597C5A52C7A50F800437B5D /* PlayerRow.swift */ = {isa = PBXFileReference; lastKnownFileType = sourcecode.swift; path = PlayerRow.swift; sourceTree = "<group>"; };
		7597C5A72C7A55C600437B5D /* TopPlayerView.swift */ = {isa = PBXFileReference; lastKnownFileType = sourcecode.swift; path = TopPlayerView.swift; sourceTree = "<group>"; };
		75A01F442C75A1850056EA80 /* Modifiers.swift */ = {isa = PBXFileReference; lastKnownFileType = sourcecode.swift; path = Modifiers.swift; sourceTree = "<group>"; };
		75A01F482C75A43B0056EA80 /* TargetBox.swift */ = {isa = PBXFileReference; lastKnownFileType = sourcecode.swift; path = TargetBox.swift; sourceTree = "<group>"; };
		75A3343F2C69203600C65070 /* SGSplash.app */ = {isa = PBXFileReference; explicitFileType = wrapper.application; includeInIndex = 0; path = SGSplash.app; sourceTree = BUILT_PRODUCTS_DIR; };
		75A334422C69203600C65070 /* SGSplashApp.swift */ = {isa = PBXFileReference; lastKnownFileType = sourcecode.swift; path = SGSplashApp.swift; sourceTree = "<group>"; };
		75A334442C69203600C65070 /* ContentView.swift */ = {isa = PBXFileReference; lastKnownFileType = sourcecode.swift; path = ContentView.swift; sourceTree = "<group>"; };
		75A334462C69203B00C65070 /* Assets.xcassets */ = {isa = PBXFileReference; lastKnownFileType = folder.assetcatalog; path = Assets.xcassets; sourceTree = "<group>"; };
		75A334492C69203B00C65070 /* Preview Assets.xcassets */ = {isa = PBXFileReference; lastKnownFileType = folder.assetcatalog; path = "Preview Assets.xcassets"; sourceTree = "<group>"; };
		75A34BCD2C79F2B4008617E3 /* TopThreeView.swift */ = {isa = PBXFileReference; lastKnownFileType = sourcecode.swift; path = TopThreeView.swift; sourceTree = "<group>"; };
		75ADC7432C6F5C8C0045A0F4 /* Chain.swift */ = {isa = PBXFileReference; lastKnownFileType = sourcecode.swift; path = Chain.swift; sourceTree = "<group>"; };
		75B73B962C79914C0011F873 /* tap.wav */ = {isa = PBXFileReference; lastKnownFileType = audio.wav; path = tap.wav; sourceTree = "<group>"; };
		75ECC5562C78FEBC007416EC /* PlaySound.swift */ = {isa = PBXFileReference; lastKnownFileType = sourcecode.swift; path = PlaySound.swift; sourceTree = "<group>"; };
		75ECC5592C790029007416EC /* level-complete.mp3 */ = {isa = PBXFileReference; lastKnownFileType = audio.mp3; path = "level-complete.mp3"; sourceTree = "<group>"; };
		75ECC55B2C79002A007416EC /* background-music.mp3 */ = {isa = PBXFileReference; lastKnownFileType = audio.mp3; path = "background-music.mp3"; sourceTree = "<group>"; };
		75ECC55C2C79002A007416EC /* swap.mp3 */ = {isa = PBXFileReference; lastKnownFileType = audio.mp3; path = swap.mp3; sourceTree = "<group>"; };
		75ECC55D2C79002A007416EC /* disappear.mp3 */ = {isa = PBXFileReference; lastKnownFileType = audio.mp3; path = disappear.mp3; sourceTree = "<group>"; };
		75ECC55E2C79002B007416EC /* game-over.mp3 */ = {isa = PBXFileReference; lastKnownFileType = audio.mp3; path = "game-over.mp3"; sourceTree = "<group>"; };
		75ECC5652C79018B007416EC /* invalid-swap.mp3 */ = {isa = PBXFileReference; lastKnownFileType = audio.mp3; path = "invalid-swap.mp3"; sourceTree = "<group>"; };
/* End PBXFileReference section */

/* Begin PBXFrameworksBuildPhase section */
		75A3343C2C69203600C65070 /* Frameworks */ = {
			isa = PBXFrameworksBuildPhase;
			buildActionMask = 2147483647;
			files = (
			);
			runOnlyForDeploymentPostprocessing = 0;
		};
/* End PBXFrameworksBuildPhase section */

/* Begin PBXGroup section */
		758A6ACF2C75F6E900E22DB3 /* LevelView */ = {
			isa = PBXGroup;
			children = (
				758A6AD02C75F6FA00E22DB3 /* LevelButton.swift */,
				7597B3242C78717400049DC0 /* LevelView.swift */,
			);
			path = LevelView;
			sourceTree = "<group>";
		};
		75942F732C6A01B100A9527F /* Game */ = {
			isa = PBXGroup;
			children = (
				75942F832C6A164200A9527F /* GameManager.swift */,
				75942F7A2C6A0B0000A9527F /* GameScene.swift */,
			);
			path = Game;
			sourceTree = "<group>";
		};
		75942F742C6A01B800A9527F /* Model */ = {
			isa = PBXGroup;
			children = (
				75942F782C6A031B00A9527F /* Element.swift */,
				75942F7C2C6A0BB300A9527F /* Level.swift */,
				75970A2E2C6B6AA6005A98E6 /* Tile.swift */,
				758FF0662C6C8018005EB21F /* Swap.swift */,
				75ADC7432C6F5C8C0045A0F4 /* Chain.swift */,
			);
			path = Model;
			sourceTree = "<group>";
		};
		75942F752C6A01BD00A9527F /* View */ = {
			isa = PBXGroup;
			children = (
				75A34BCC2C79F07C008617E3 /* Leaderboard */,
				758A6ACF2C75F6E900E22DB3 /* LevelView */,
				75A01F472C75A1F50056EA80 /* GameView */,
			);
			path = View;
			sourceTree = "<group>";
		};
		75942F762C6A01C200A9527F /* Data */ = {
			isa = PBXGroup;
			children = (
				75970A2A2C6B638E005A98E6 /* levels.json */,
			);
			path = Data;
			sourceTree = "<group>";
		};
		75942F772C6A01C900A9527F /* Assets */ = {
			isa = PBXGroup;
			children = (
			);
			path = Assets;
			sourceTree = "<group>";
		};
		75942F822C6A162A00A9527F /* Helpers */ = {
			isa = PBXGroup;
			children = (
				75970A2C2C6B6833005A98E6 /* ModelData.swift */,
				75A01F442C75A1850056EA80 /* Modifiers.swift */,
				75ECC5562C78FEBC007416EC /* PlaySound.swift */,
			);
			path = Helpers;
			sourceTree = "<group>";
		};
		75A01F472C75A1F50056EA80 /* GameView */ = {
			isa = PBXGroup;
			children = (
				75942F802C6A148E00A9527F /* GameView.swift */,
				75A01F482C75A43B0056EA80 /* TargetBox.swift */,
				7595CBC12C78E5D4004E4EC0 /* GameOver.swift */,
				7595CBC32C78EBA0004E4EC0 /* LevelComplete.swift */,
			);
			path = GameView;
			sourceTree = "<group>";
		};
		75A334362C69203600C65070 = {
			isa = PBXGroup;
			children = (
				75A334412C69203600C65070 /* SGSplash */,
				75A334402C69203600C65070 /* Products */,
			);
			sourceTree = "<group>";
		};
		75A334402C69203600C65070 /* Products */ = {
			isa = PBXGroup;
			children = (
				75A3343F2C69203600C65070 /* SGSplash.app */,
			);
			name = Products;
			sourceTree = "<group>";
		};
		75A334412C69203600C65070 /* SGSplash */ = {
			isa = PBXGroup;
			children = (
				75ECC5582C78FECA007416EC /* Sounds */,
				75942F822C6A162A00A9527F /* Helpers */,
				75942F772C6A01C900A9527F /* Assets */,
				75942F762C6A01C200A9527F /* Data */,
				75942F752C6A01BD00A9527F /* View */,
				75942F742C6A01B800A9527F /* Model */,
				75942F732C6A01B100A9527F /* Game */,
				75A334422C69203600C65070 /* SGSplashApp.swift */,
				75A334442C69203600C65070 /* ContentView.swift */,
				75A334462C69203B00C65070 /* Assets.xcassets */,
				75A334482C69203B00C65070 /* Preview Content */,
			);
			path = SGSplash;
			sourceTree = "<group>";
		};
		75A334482C69203B00C65070 /* Preview Content */ = {
			isa = PBXGroup;
			children = (
				75A334492C69203B00C65070 /* Preview Assets.xcassets */,
			);
			path = "Preview Content";
			sourceTree = "<group>";
		};
		75A34BCC2C79F07C008617E3 /* Leaderboard */ = {
			isa = PBXGroup;
			children = (
				75A34BCD2C79F2B4008617E3 /* TopThreeView.swift */,
				7597C5A52C7A50F800437B5D /* PlayerRow.swift */,
				7597C5A72C7A55C600437B5D /* TopPlayerView.swift */,
			);
			path = Leaderboard;
			sourceTree = "<group>";
		};
		75ECC5582C78FECA007416EC /* Sounds */ = {
			isa = PBXGroup;
			children = (
				75B73B962C79914C0011F873 /* tap.wav */,
				75ECC55B2C79002A007416EC /* background-music.mp3 */,
				75ECC55C2C79002A007416EC /* swap.mp3 */,
				75ECC55D2C79002A007416EC /* disappear.mp3 */,
				75ECC55E2C79002B007416EC /* game-over.mp3 */,
				75ECC5652C79018B007416EC /* invalid-swap.mp3 */,
				75ECC5592C790029007416EC /* level-complete.mp3 */,
			);
			path = Sounds;
			sourceTree = "<group>";
		};
/* End PBXGroup section */

/* Begin PBXNativeTarget section */
		75A3343E2C69203600C65070 /* SGSplash */ = {
			isa = PBXNativeTarget;
			buildConfigurationList = 75A3344D2C69203B00C65070 /* Build configuration list for PBXNativeTarget "SGSplash" */;
			buildPhases = (
				75A3343B2C69203600C65070 /* Sources */,
				75A3343C2C69203600C65070 /* Frameworks */,
				75A3343D2C69203600C65070 /* Resources */,
			);
			buildRules = (
			);
			dependencies = (
			);
			name = SGSplash;
			productName = SGSplash;
			productReference = 75A3343F2C69203600C65070 /* SGSplash.app */;
			productType = "com.apple.product-type.application";
		};
/* End PBXNativeTarget section */

/* Begin PBXProject section */
		75A334372C69203600C65070 /* Project object */ = {
			isa = PBXProject;
			attributes = {
				BuildIndependentTargetsInParallel = 1;
				LastSwiftUpdateCheck = 1540;
				LastUpgradeCheck = 1540;
				TargetAttributes = {
					75A3343E2C69203600C65070 = {
						CreatedOnToolsVersion = 15.4;
					};
				};
			};
			buildConfigurationList = 75A3343A2C69203600C65070 /* Build configuration list for PBXProject "SGSplash" */;
			compatibilityVersion = "Xcode 14.0";
			developmentRegion = en;
			hasScannedForEncodings = 0;
			knownRegions = (
				en,
				Base,
			);
			mainGroup = 75A334362C69203600C65070;
			productRefGroup = 75A334402C69203600C65070 /* Products */;
			projectDirPath = "";
			projectRoot = "";
			targets = (
				75A3343E2C69203600C65070 /* SGSplash */,
			);
		};
/* End PBXProject section */

/* Begin PBXResourcesBuildPhase section */
		75A3343D2C69203600C65070 /* Resources */ = {
			isa = PBXResourcesBuildPhase;
			buildActionMask = 2147483647;
			files = (
				75ECC5662C79018B007416EC /* invalid-swap.mp3 in Resources */,
				75A3344A2C69203B00C65070 /* Preview Assets.xcassets in Resources */,
				75970A2B2C6B638E005A98E6 /* levels.json in Resources */,
				75ECC5622C79002B007416EC /* swap.mp3 in Resources */,
				75B73B972C79914C0011F873 /* tap.wav in Resources */,
				75ECC55F2C79002B007416EC /* level-complete.mp3 in Resources */,
				75ECC5642C79002B007416EC /* game-over.mp3 in Resources */,
				75ECC5632C79002B007416EC /* disappear.mp3 in Resources */,
				75A334472C69203B00C65070 /* Assets.xcassets in Resources */,
				75ECC5612C79002B007416EC /* background-music.mp3 in Resources */,
			);
			runOnlyForDeploymentPostprocessing = 0;
		};
/* End PBXResourcesBuildPhase section */

/* Begin PBXSourcesBuildPhase section */
		75A3343B2C69203600C65070 /* Sources */ = {
			isa = PBXSourcesBuildPhase;
			buildActionMask = 2147483647;
			files = (
				75942F792C6A031B00A9527F /* Element.swift in Sources */,
				758FF0672C6C8018005EB21F /* Swap.swift in Sources */,
				75942F842C6A164200A9527F /* GameManager.swift in Sources */,
				7597C5A62C7A50F800437B5D /* PlayerRow.swift in Sources */,
				75970A2D2C6B6833005A98E6 /* ModelData.swift in Sources */,
				7597B3252C78717400049DC0 /* LevelView.swift in Sources */,
				75A01F452C75A1850056EA80 /* Modifiers.swift in Sources */,
				75A01F492C75A43B0056EA80 /* TargetBox.swift in Sources */,
				7595CBC42C78EBA0004E4EC0 /* LevelComplete.swift in Sources */,
				75ECC5572C78FEBC007416EC /* PlaySound.swift in Sources */,
				75A334452C69203600C65070 /* ContentView.swift in Sources */,
				75942F7B2C6A0B0000A9527F /* GameScene.swift in Sources */,
				7595CBC22C78E5D4004E4EC0 /* GameOver.swift in Sources */,
				758A6AD12C75F6FA00E22DB3 /* LevelButton.swift in Sources */,
				75A34BCE2C79F2B4008617E3 /* TopThreeView.swift in Sources */,
				75942F7D2C6A0BB300A9527F /* Level.swift in Sources */,
				75970A2F2C6B6AA6005A98E6 /* Tile.swift in Sources */,
				7597C5A82C7A55C600437B5D /* TopPlayerView.swift in Sources */,
				75ADC7442C6F5C8C0045A0F4 /* Chain.swift in Sources */,
				75A334432C69203600C65070 /* SGSplashApp.swift in Sources */,
				75942F812C6A148E00A9527F /* GameView.swift in Sources */,
			);
			runOnlyForDeploymentPostprocessing = 0;
		};
/* End PBXSourcesBuildPhase section */

/* Begin XCBuildConfiguration section */
		75A3344B2C69203B00C65070 /* Debug */ = {
			isa = XCBuildConfiguration;
			buildSettings = {
				ALWAYS_SEARCH_USER_PATHS = NO;
				ASSETCATALOG_COMPILER_GENERATE_SWIFT_ASSET_SYMBOL_EXTENSIONS = YES;
				CLANG_ANALYZER_NONNULL = YES;
				CLANG_ANALYZER_NUMBER_OBJECT_CONVERSION = YES_AGGRESSIVE;
				CLANG_CXX_LANGUAGE_STANDARD = "gnu++20";
				CLANG_ENABLE_MODULES = YES;
				CLANG_ENABLE_OBJC_ARC = YES;
				CLANG_ENABLE_OBJC_WEAK = YES;
				CLANG_WARN_BLOCK_CAPTURE_AUTORELEASING = YES;
				CLANG_WARN_BOOL_CONVERSION = YES;
				CLANG_WARN_COMMA = YES;
				CLANG_WARN_CONSTANT_CONVERSION = YES;
				CLANG_WARN_DEPRECATED_OBJC_IMPLEMENTATIONS = YES;
				CLANG_WARN_DIRECT_OBJC_ISA_USAGE = YES_ERROR;
				CLANG_WARN_DOCUMENTATION_COMMENTS = YES;
				CLANG_WARN_EMPTY_BODY = YES;
				CLANG_WARN_ENUM_CONVERSION = YES;
				CLANG_WARN_INFINITE_RECURSION = YES;
				CLANG_WARN_INT_CONVERSION = YES;
				CLANG_WARN_NON_LITERAL_NULL_CONVERSION = YES;
				CLANG_WARN_OBJC_IMPLICIT_RETAIN_SELF = YES;
				CLANG_WARN_OBJC_LITERAL_CONVERSION = YES;
				CLANG_WARN_OBJC_ROOT_CLASS = YES_ERROR;
				CLANG_WARN_QUOTED_INCLUDE_IN_FRAMEWORK_HEADER = YES;
				CLANG_WARN_RANGE_LOOP_ANALYSIS = YES;
				CLANG_WARN_STRICT_PROTOTYPES = YES;
				CLANG_WARN_SUSPICIOUS_MOVE = YES;
				CLANG_WARN_UNGUARDED_AVAILABILITY = YES_AGGRESSIVE;
				CLANG_WARN_UNREACHABLE_CODE = YES;
				CLANG_WARN__DUPLICATE_METHOD_MATCH = YES;
				COPY_PHASE_STRIP = NO;
				DEBUG_INFORMATION_FORMAT = dwarf;
				ENABLE_STRICT_OBJC_MSGSEND = YES;
				ENABLE_TESTABILITY = YES;
				ENABLE_USER_SCRIPT_SANDBOXING = YES;
				GCC_C_LANGUAGE_STANDARD = gnu17;
				GCC_DYNAMIC_NO_PIC = NO;
				GCC_NO_COMMON_BLOCKS = YES;
				GCC_OPTIMIZATION_LEVEL = 0;
				GCC_PREPROCESSOR_DEFINITIONS = (
					"DEBUG=1",
					"$(inherited)",
				);
				GCC_WARN_64_TO_32_BIT_CONVERSION = YES;
				GCC_WARN_ABOUT_RETURN_TYPE = YES_ERROR;
				GCC_WARN_UNDECLARED_SELECTOR = YES;
				GCC_WARN_UNINITIALIZED_AUTOS = YES_AGGRESSIVE;
				GCC_WARN_UNUSED_FUNCTION = YES;
				GCC_WARN_UNUSED_VARIABLE = YES;
				IPHONEOS_DEPLOYMENT_TARGET = 17.5;
				LOCALIZATION_PREFERS_STRING_CATALOGS = YES;
				MTL_ENABLE_DEBUG_INFO = INCLUDE_SOURCE;
				MTL_FAST_MATH = YES;
				ONLY_ACTIVE_ARCH = YES;
				SDKROOT = iphoneos;
				SWIFT_ACTIVE_COMPILATION_CONDITIONS = "DEBUG $(inherited)";
				SWIFT_OPTIMIZATION_LEVEL = "-Onone";
			};
			name = Debug;
		};
		75A3344C2C69203B00C65070 /* Release */ = {
			isa = XCBuildConfiguration;
			buildSettings = {
				ALWAYS_SEARCH_USER_PATHS = NO;
				ASSETCATALOG_COMPILER_GENERATE_SWIFT_ASSET_SYMBOL_EXTENSIONS = YES;
				CLANG_ANALYZER_NONNULL = YES;
				CLANG_ANALYZER_NUMBER_OBJECT_CONVERSION = YES_AGGRESSIVE;
				CLANG_CXX_LANGUAGE_STANDARD = "gnu++20";
				CLANG_ENABLE_MODULES = YES;
				CLANG_ENABLE_OBJC_ARC = YES;
				CLANG_ENABLE_OBJC_WEAK = YES;
				CLANG_WARN_BLOCK_CAPTURE_AUTORELEASING = YES;
				CLANG_WARN_BOOL_CONVERSION = YES;
				CLANG_WARN_COMMA = YES;
				CLANG_WARN_CONSTANT_CONVERSION = YES;
				CLANG_WARN_DEPRECATED_OBJC_IMPLEMENTATIONS = YES;
				CLANG_WARN_DIRECT_OBJC_ISA_USAGE = YES_ERROR;
				CLANG_WARN_DOCUMENTATION_COMMENTS = YES;
				CLANG_WARN_EMPTY_BODY = YES;
				CLANG_WARN_ENUM_CONVERSION = YES;
				CLANG_WARN_INFINITE_RECURSION = YES;
				CLANG_WARN_INT_CONVERSION = YES;
				CLANG_WARN_NON_LITERAL_NULL_CONVERSION = YES;
				CLANG_WARN_OBJC_IMPLICIT_RETAIN_SELF = YES;
				CLANG_WARN_OBJC_LITERAL_CONVERSION = YES;
				CLANG_WARN_OBJC_ROOT_CLASS = YES_ERROR;
				CLANG_WARN_QUOTED_INCLUDE_IN_FRAMEWORK_HEADER = YES;
				CLANG_WARN_RANGE_LOOP_ANALYSIS = YES;
				CLANG_WARN_STRICT_PROTOTYPES = YES;
				CLANG_WARN_SUSPICIOUS_MOVE = YES;
				CLANG_WARN_UNGUARDED_AVAILABILITY = YES_AGGRESSIVE;
				CLANG_WARN_UNREACHABLE_CODE = YES;
				CLANG_WARN__DUPLICATE_METHOD_MATCH = YES;
				COPY_PHASE_STRIP = NO;
				DEBUG_INFORMATION_FORMAT = "dwarf-with-dsym";
				ENABLE_NS_ASSERTIONS = NO;
				ENABLE_STRICT_OBJC_MSGSEND = YES;
				ENABLE_USER_SCRIPT_SANDBOXING = YES;
				GCC_C_LANGUAGE_STANDARD = gnu17;
				GCC_NO_COMMON_BLOCKS = YES;
				GCC_WARN_64_TO_32_BIT_CONVERSION = YES;
				GCC_WARN_ABOUT_RETURN_TYPE = YES_ERROR;
				GCC_WARN_UNDECLARED_SELECTOR = YES;
				GCC_WARN_UNINITIALIZED_AUTOS = YES_AGGRESSIVE;
				GCC_WARN_UNUSED_FUNCTION = YES;
				GCC_WARN_UNUSED_VARIABLE = YES;
				IPHONEOS_DEPLOYMENT_TARGET = 17.5;
				LOCALIZATION_PREFERS_STRING_CATALOGS = YES;
				MTL_ENABLE_DEBUG_INFO = NO;
				MTL_FAST_MATH = YES;
				SDKROOT = iphoneos;
				SWIFT_COMPILATION_MODE = wholemodule;
				VALIDATE_PRODUCT = YES;
			};
			name = Release;
		};
		75A3344E2C69203B00C65070 /* Debug */ = {
			isa = XCBuildConfiguration;
			buildSettings = {
				ASSETCATALOG_COMPILER_APPICON_NAME = AppIcon;
				ASSETCATALOG_COMPILER_GLOBAL_ACCENT_COLOR_NAME = AccentColor;
				CODE_SIGN_STYLE = Automatic;
				CURRENT_PROJECT_VERSION = 1;
				DEVELOPMENT_ASSET_PATHS = "\"SGSplash/Preview Content\"";
				DEVELOPMENT_TEAM = FBGLW6Y4VC;
				ENABLE_PREVIEWS = YES;
				GENERATE_INFOPLIST_FILE = YES;
				INFOPLIST_KEY_UIApplicationSceneManifest_Generation = YES;
				INFOPLIST_KEY_UIApplicationSupportsIndirectInputEvents = YES;
				INFOPLIST_KEY_UILaunchScreen_Generation = YES;
				INFOPLIST_KEY_UISupportedInterfaceOrientations_iPad = "UIInterfaceOrientationPortrait UIInterfaceOrientationPortraitUpsideDown UIInterfaceOrientationLandscapeLeft UIInterfaceOrientationLandscapeRight";
				INFOPLIST_KEY_UISupportedInterfaceOrientations_iPhone = "UIInterfaceOrientationPortrait UIInterfaceOrientationLandscapeLeft UIInterfaceOrientationLandscapeRight";
				LD_RUNPATH_SEARCH_PATHS = (
					"$(inherited)",
					"@executable_path/Frameworks",
				);
				MARKETING_VERSION = 1.0;
				PRODUCT_BUNDLE_IDENTIFIER = vn.edu.rmit.van.SGSplash;
				PRODUCT_NAME = "$(TARGET_NAME)";
				SWIFT_EMIT_LOC_STRINGS = YES;
				SWIFT_VERSION = 5.0;
				TARGETED_DEVICE_FAMILY = "1,2";
			};
			name = Debug;
		};
		75A3344F2C69203B00C65070 /* Release */ = {
			isa = XCBuildConfiguration;
			buildSettings = {
				ASSETCATALOG_COMPILER_APPICON_NAME = AppIcon;
				ASSETCATALOG_COMPILER_GLOBAL_ACCENT_COLOR_NAME = AccentColor;
				CODE_SIGN_STYLE = Automatic;
				CURRENT_PROJECT_VERSION = 1;
				DEVELOPMENT_ASSET_PATHS = "\"SGSplash/Preview Content\"";
				DEVELOPMENT_TEAM = FBGLW6Y4VC;
				ENABLE_PREVIEWS = YES;
				GENERATE_INFOPLIST_FILE = YES;
				INFOPLIST_KEY_UIApplicationSceneManifest_Generation = YES;
				INFOPLIST_KEY_UIApplicationSupportsIndirectInputEvents = YES;
				INFOPLIST_KEY_UILaunchScreen_Generation = YES;
				INFOPLIST_KEY_UISupportedInterfaceOrientations_iPad = "UIInterfaceOrientationPortrait UIInterfaceOrientationPortraitUpsideDown UIInterfaceOrientationLandscapeLeft UIInterfaceOrientationLandscapeRight";
				INFOPLIST_KEY_UISupportedInterfaceOrientations_iPhone = "UIInterfaceOrientationPortrait UIInterfaceOrientationLandscapeLeft UIInterfaceOrientationLandscapeRight";
				LD_RUNPATH_SEARCH_PATHS = (
					"$(inherited)",
					"@executable_path/Frameworks",
				);
				MARKETING_VERSION = 1.0;
				PRODUCT_BUNDLE_IDENTIFIER = vn.edu.rmit.van.SGSplash;
				PRODUCT_NAME = "$(TARGET_NAME)";
				SWIFT_EMIT_LOC_STRINGS = YES;
				SWIFT_VERSION = 5.0;
				TARGETED_DEVICE_FAMILY = "1,2";
			};
			name = Release;
		};
/* End XCBuildConfiguration section */

/* Begin XCConfigurationList section */
		75A3343A2C69203600C65070 /* Build configuration list for PBXProject "SGSplash" */ = {
			isa = XCConfigurationList;
			buildConfigurations = (
				75A3344B2C69203B00C65070 /* Debug */,
				75A3344C2C69203B00C65070 /* Release */,
			);
			defaultConfigurationIsVisible = 0;
			defaultConfigurationName = Release;
		};
		75A3344D2C69203B00C65070 /* Build configuration list for PBXNativeTarget "SGSplash" */ = {
			isa = XCConfigurationList;
			buildConfigurations = (
				75A3344E2C69203B00C65070 /* Debug */,
				75A3344F2C69203B00C65070 /* Release */,
			);
			defaultConfigurationIsVisible = 0;
			defaultConfigurationName = Release;
		};
/* End XCConfigurationList section */
	};
	rootObject = 75A334372C69203600C65070 /* Project object */;
}
